
Microsoft Visual Studio Solution File, Format Version 12.00
# Visual Studio Version 17
VisualStudioVersion = 17.4.33213.308
MinimumVisualStudioVersion = 10.0.40219.1
Project("{FAE04EC0-301F-11D3-BF4B-00C04F79EFBC}") = "lab2", "lab2\lab2.csproj", "{0D709B8B-92B1-4E98-8994-66E28C8F7051}"
EndProject
Global
	GlobalSection(SolutionConfigurationPlatforms) = preSolution
		Debug|Any CPU = Debug|Any CPU
		Release|Any CPU = Release|Any CPU
	EndGlobalSection
	GlobalSection(ProjectConfigurationPlatforms) = postSolution
		{0D709B8B-92B1-4E98-8994-66E28C8F7051}.Debug|Any CPU.ActiveCfg = Debug|Any CPU
		{0D709B8B-92B1-4E98-8994-66E28C8F7051}.Debug|Any CPU.Build.0 = Debug|Any CPU
		{0D709B8B-92B1-4E98-8994-66E28C8F7051}.Release|Any CPU.ActiveCfg = Release|Any CPU
		{0D709B8B-92B1-4E98-8994-66E28C8F7051}.Release|Any CPU.Build.0 = Release|Any CPU
	EndGlobalSection
	GlobalSection(SolutionProperties) = preSolution
		HideSolutionNode = FALSE
	EndGlobalSection
	GlobalSection(ExtensibilityGlobals) = postSolution
		SolutionGuid = {A0EAC4F4-CFCF-4A10-A53F-BA8DBF753271}
	EndGlobalSection
EndGlobal
